
Microsoft Visual Studio Solution File, Format Version 12.00
# Visual Studio Version 17
VisualStudioVersion = 17.13.35825.156
MinimumVisualStudioVersion = 10.0.40219.1
Project("{FAE04EC0-301F-11D3-BF4B-00C04F79EFBC}") = "Server", "Server\Server.csproj", "{7ADB3DF3-CFA7-48A1-B1F7-179DA283D40A}"
EndProject
Project("{FAE04EC0-301F-11D3-BF4B-00C04F79EFBC}") = "Client", "Client\Client.csproj", "{22A879FC-B3EC-4A14-A252-BA964FB63276}"
EndProject
Project("{FAE04EC0-301F-11D3-BF4B-00C04F79EFBC}") = "Network", "Network\Network.csproj", "{D1F890FA-FD91-4DC4-AC26-251BDA4A84FF}"
EndProject
Global
	GlobalSection(SolutionConfigurationPlatforms) = preSolution
		Debug|Any CPU = Debug|Any CPU
		Release|Any CPU = Release|Any CPU
	EndGlobalSection
	GlobalSection(ProjectConfigurationPlatforms) = postSolution
		{7ADB3DF3-CFA7-48A1-B1F7-179DA283D40A}.Debug|Any CPU.ActiveCfg = Debug|Any CPU
		{7ADB3DF3-CFA7-48A1-B1F7-179DA283D40A}.Debug|Any CPU.Build.0 = Debug|Any CPU
		{7ADB3DF3-CFA7-48A1-B1F7-179DA283D40A}.Release|Any CPU.ActiveCfg = Release|Any CPU
		{7ADB3DF3-CFA7-48A1-B1F7-179DA283D40A}.Release|Any CPU.Build.0 = Release|Any CPU
		{22A879FC-B3EC-4A14-A252-BA964FB63276}.Debug|Any CPU.ActiveCfg = Debug|Any CPU
		{22A879FC-B3EC-4A14-A252-BA964FB63276}.Debug|Any CPU.Build.0 = Debug|Any CPU
		{22A879FC-B3EC-4A14-A252-BA964FB63276}.Release|Any CPU.ActiveCfg = Release|Any CPU
		{22A879FC-B3EC-4A14-A252-BA964FB63276}.Release|Any CPU.Build.0 = Release|Any CPU
		{D1F890FA-FD91-4DC4-AC26-251BDA4A84FF}.Debug|Any CPU.ActiveCfg = Debug|Any CPU
		{D1F890FA-FD91-4DC4-AC26-251BDA4A84FF}.Debug|Any CPU.Build.0 = Debug|Any CPU
		{D1F890FA-FD91-4DC4-AC26-251BDA4A84FF}.Release|Any CPU.ActiveCfg = Release|Any CPU
		{D1F890FA-FD91-4DC4-AC26-251BDA4A84FF}.Release|Any CPU.Build.0 = Release|Any CPU
	EndGlobalSection
	GlobalSection(SolutionProperties) = preSolution
		HideSolutionNode = FALSE
	EndGlobalSection
	GlobalSection(ExtensibilityGlobals) = postSolution
		SolutionGuid = {562B78F9-F03E-41E6-8523-5051B4798FE6}
	EndGlobalSection
EndGlobal
