
Microsoft Visual Studio Solution File, Format Version 12.00
# Visual Studio Version 17
VisualStudioVersion = 17.9.34616.47
MinimumVisualStudioVersion = 10.0.40219.1
Project("{8BC9CEB8-8B4A-11D0-8D11-00A0C91BC942}") = "cli", "cli\cli.vcxproj", "{6ACA5341-0FA0-49F3-BB9F-7EF91A325682}"
EndProject
Project("{8BC9CEB8-8B4A-11D0-8D11-00A0C91BC942}") = "svr", "svr\svr.vcxproj", "{4330CBE9-0D20-467A-A3C7-4CB99AC79F4A}"
EndProject
Project("{8BC9CEB8-8B4A-11D0-8D11-00A0C91BC942}") = "_lib", "_lib\_lib.vcxproj", "{B35E8EC5-5F7E-4AC9-8126-DD24DF1213C5}"
EndProject
Project("{8BC9CEB8-8B4A-11D0-8D11-00A0C91BC942}") = "_framework", "_framework\_framework.vcxproj", "{FA98A219-24E6-4EF3-AA9E-D4A0B5CD2384}"
EndProject
Project("{8BC9CEB8-8B4A-11D0-8D11-00A0C91BC942}") = "svr_quic", "svr_quic\svr_quic.vcxproj", "{C2EE2BC8-E852-49AC-973D-3A787911C5F1}"
EndProject
Project("{8BC9CEB8-8B4A-11D0-8D11-00A0C91BC942}") = "cli_quic", "cli_quic\cli_quic.vcxproj", "{A3B50889-FCE7-4C90-8F8E-67F864B7265A}"
EndProject
Global
	GlobalSection(SolutionConfigurationPlatforms) = preSolution
		Debug|x64 = Debug|x64
		Debug|x86 = Debug|x86
		Release|x64 = Release|x64
		Release|x86 = Release|x86
	EndGlobalSection
	GlobalSection(ProjectConfigurationPlatforms) = postSolution
		{6ACA5341-0FA0-49F3-BB9F-7EF91A325682}.Debug|x64.ActiveCfg = Debug|x64
		{6ACA5341-0FA0-49F3-BB9F-7EF91A325682}.Debug|x64.Build.0 = Debug|x64
		{6ACA5341-0FA0-49F3-BB9F-7EF91A325682}.Debug|x86.ActiveCfg = Debug|Win32
		{6ACA5341-0FA0-49F3-BB9F-7EF91A325682}.Debug|x86.Build.0 = Debug|Win32
		{6ACA5341-0FA0-49F3-BB9F-7EF91A325682}.Release|x64.ActiveCfg = Release|x64
		{6ACA5341-0FA0-49F3-BB9F-7EF91A325682}.Release|x64.Build.0 = Release|x64
		{6ACA5341-0FA0-49F3-BB9F-7EF91A325682}.Release|x86.ActiveCfg = Release|Win32
		{6ACA5341-0FA0-49F3-BB9F-7EF91A325682}.Release|x86.Build.0 = Release|Win32
		{4330CBE9-0D20-467A-A3C7-4CB99AC79F4A}.Debug|x64.ActiveCfg = Debug|x64
		{4330CBE9-0D20-467A-A3C7-4CB99AC79F4A}.Debug|x64.Build.0 = Debug|x64
		{4330CBE9-0D20-467A-A3C7-4CB99AC79F4A}.Debug|x86.ActiveCfg = Debug|Win32
		{4330CBE9-0D20-467A-A3C7-4CB99AC79F4A}.Debug|x86.Build.0 = Debug|Win32
		{4330CBE9-0D20-467A-A3C7-4CB99AC79F4A}.Release|x64.ActiveCfg = Release|x64
		{4330CBE9-0D20-467A-A3C7-4CB99AC79F4A}.Release|x64.Build.0 = Release|x64
		{4330CBE9-0D20-467A-A3C7-4CB99AC79F4A}.Release|x86.ActiveCfg = Release|Win32
		{4330CBE9-0D20-467A-A3C7-4CB99AC79F4A}.Release|x86.Build.0 = Release|Win32
		{B35E8EC5-5F7E-4AC9-8126-DD24DF1213C5}.Debug|x64.ActiveCfg = Debug|x64
		{B35E8EC5-5F7E-4AC9-8126-DD24DF1213C5}.Debug|x64.Build.0 = Debug|x64
		{B35E8EC5-5F7E-4AC9-8126-DD24DF1213C5}.Debug|x86.ActiveCfg = Debug|Win32
		{B35E8EC5-5F7E-4AC9-8126-DD24DF1213C5}.Debug|x86.Build.0 = Debug|Win32
		{B35E8EC5-5F7E-4AC9-8126-DD24DF1213C5}.Release|x64.ActiveCfg = Release|x64
		{B35E8EC5-5F7E-4AC9-8126-DD24DF1213C5}.Release|x64.Build.0 = Release|x64
		{B35E8EC5-5F7E-4AC9-8126-DD24DF1213C5}.Release|x86.ActiveCfg = Release|Win32
		{B35E8EC5-5F7E-4AC9-8126-DD24DF1213C5}.Release|x86.Build.0 = Release|Win32
		{FA98A219-24E6-4EF3-AA9E-D4A0B5CD2384}.Debug|x64.ActiveCfg = Debug|x64
		{FA98A219-24E6-4EF3-AA9E-D4A0B5CD2384}.Debug|x64.Build.0 = Debug|x64
		{FA98A219-24E6-4EF3-AA9E-D4A0B5CD2384}.Debug|x86.ActiveCfg = Debug|Win32
		{FA98A219-24E6-4EF3-AA9E-D4A0B5CD2384}.Debug|x86.Build.0 = Debug|Win32
		{FA98A219-24E6-4EF3-AA9E-D4A0B5CD2384}.Release|x64.ActiveCfg = Release|x64
		{FA98A219-24E6-4EF3-AA9E-D4A0B5CD2384}.Release|x64.Build.0 = Release|x64
		{FA98A219-24E6-4EF3-AA9E-D4A0B5CD2384}.Release|x86.ActiveCfg = Release|Win32
		{FA98A219-24E6-4EF3-AA9E-D4A0B5CD2384}.Release|x86.Build.0 = Release|Win32
		{C2EE2BC8-E852-49AC-973D-3A787911C5F1}.Debug|x64.ActiveCfg = Debug|x64
		{C2EE2BC8-E852-49AC-973D-3A787911C5F1}.Debug|x64.Build.0 = Debug|x64
		{C2EE2BC8-E852-49AC-973D-3A787911C5F1}.Debug|x86.ActiveCfg = Debug|Win32
		{C2EE2BC8-E852-49AC-973D-3A787911C5F1}.Debug|x86.Build.0 = Debug|Win32
		{C2EE2BC8-E852-49AC-973D-3A787911C5F1}.Release|x64.ActiveCfg = Release|x64
		{C2EE2BC8-E852-49AC-973D-3A787911C5F1}.Release|x64.Build.0 = Release|x64
		{C2EE2BC8-E852-49AC-973D-3A787911C5F1}.Release|x86.ActiveCfg = Release|Win32
		{C2EE2BC8-E852-49AC-973D-3A787911C5F1}.Release|x86.Build.0 = Release|Win32
		{A3B50889-FCE7-4C90-8F8E-67F864B7265A}.Debug|x64.ActiveCfg = Debug|x64
		{A3B50889-FCE7-4C90-8F8E-67F864B7265A}.Debug|x64.Build.0 = Debug|x64
		{A3B50889-FCE7-4C90-8F8E-67F864B7265A}.Debug|x86.ActiveCfg = Debug|Win32
		{A3B50889-FCE7-4C90-8F8E-67F864B7265A}.Debug|x86.Build.0 = Debug|Win32
		{A3B50889-FCE7-4C90-8F8E-67F864B7265A}.Release|x64.ActiveCfg = Release|x64
		{A3B50889-FCE7-4C90-8F8E-67F864B7265A}.Release|x64.Build.0 = Release|x64
		{A3B50889-FCE7-4C90-8F8E-67F864B7265A}.Release|x86.ActiveCfg = Release|Win32
		{A3B50889-FCE7-4C90-8F8E-67F864B7265A}.Release|x86.Build.0 = Release|Win32
	EndGlobalSection
	GlobalSection(SolutionProperties) = preSolution
		HideSolutionNode = FALSE
	EndGlobalSection
	GlobalSection(ExtensibilityGlobals) = postSolution
		SolutionGuid = {1D2298E1-6F8A-49B5-8FD7-A1FFD7C1DDCC}
	EndGlobalSection
EndGlobal
