<?xml version="1.0" encoding="utf-8"?>
<Project ToolsVersion="4.0" xmlns="http://schemas.microsoft.com/developer/msbuild/2003">
  <ItemGroup>
    <Filter Include="소스 파일">
      <UniqueIdentifier>{4FC737F1-C7A5-4376-A066-2A32D752A2FF}</UniqueIdentifier>
      <Extensions>cpp;c;cc;cxx;c++;cppm;ixx;def;odl;idl;hpj;bat;asm;asmx</Extensions>
    </Filter>
    <Filter Include="리소스 파일">
      <UniqueIdentifier>{67DA6AB6-F800-4c08-8B7A-83BB121AAD01}</UniqueIdentifier>
      <Extensions>rc;ico;cur;bmp;dlg;rc2;rct;bin;rgs;gif;jpg;jpeg;jpe;resx;tiff;tif;png;wav;mfcribbon-ms</Extensions>
    </Filter>
  </ItemGroup>
  <ItemGroup>
    <ClInclude Include="_common.h">
      <Filter>소스 파일</Filter>
    </ClInclude>
    <ClInclude Include="buffer.h">
      <Filter>소스 파일</Filter>
    </ClInclude>
    <ClInclude Include="certifyConvertData.h">
      <Filter>소스 파일</Filter>
    </ClInclude>
    <ClInclude Include="certifyData.h">
      <Filter>소스 파일</Filter>
    </ClInclude>
    <ClInclude Include="connector.h">
      <Filter>소스 파일</Filter>
    </ClInclude>
    <ClInclude Include="default_config.h">
      <Filter>소스 파일</Filter>
    </ClInclude>
    <ClInclude Include="network.h">
      <Filter>소스 파일</Filter>
    </ClInclude>
    <ClInclude Include="packet.h">
      <Filter>소스 파일</Filter>
    </ClInclude>
    <ClInclude Include="packet_data_queue.h">
      <Filter>소스 파일</Filter>
    </ClInclude>
    <ClInclude Include="packet_protocol_cs.h">
      <Filter>소스 파일</Filter>
    </ClInclude>
    <ClInclude Include="packet_protocol_sc.h">
      <Filter>소스 파일</Filter>
    </ClInclude>
    <ClInclude Include="character_base.h">
      <Filter>소스 파일</Filter>
    </ClInclude>
    <ClInclude Include="connector_mgr.h">
      <Filter>소스 파일</Filter>
    </ClInclude>
    <ClInclude Include="stdafx.h">
      <Filter>소스 파일</Filter>
    </ClInclude>
  </ItemGroup>
  <ItemGroup>
    <ClCompile Include="buffer.cpp">
      <Filter>소스 파일</Filter>
    </ClCompile>
    <ClCompile Include="certifyData.cpp">
      <Filter>소스 파일</Filter>
    </ClCompile>
    <ClCompile Include="connector.cpp">
      <Filter>소스 파일</Filter>
    </ClCompile>
    <ClCompile Include="connector_impl.cpp">
      <Filter>소스 파일</Filter>
    </ClCompile>
    <ClCompile Include="default_config.cpp">
      <Filter>소스 파일</Filter>
    </ClCompile>
    <ClCompile Include="network.cpp">
      <Filter>소스 파일</Filter>
    </ClCompile>
    <ClCompile Include="network_impl.cpp">
      <Filter>소스 파일</Filter>
    </ClCompile>
    <ClCompile Include="packet.cpp">
      <Filter>소스 파일</Filter>
    </ClCompile>
    <ClCompile Include="packet_data_queue.cpp">
      <Filter>소스 파일</Filter>
    </ClCompile>
    <ClCompile Include="stdafx.cpp">
      <Filter>소스 파일</Filter>
    </ClCompile>
  </ItemGroup>
</Project>